PODS:
  - Apollo (0.30.0):
    - Apollo/Core (= 0.30.0)
  - Apollo/Core (0.30.0)
  - Apollo/SQLite (0.30.0):
    - Apollo/Core
    - SQLite.swift (~> 0.12.2)
  - RxCocoa (5.1.1):
    - RxRelay (~> 5)
    - RxSwift (~> 5)
  - RxRelay (5.1.1):
    - RxSwift (~> 5)
  - RxSwift (5.1.1)
  - RxTest (5.1.1):
    - RxSwift (~> 5)
  - SQLite.swift (0.12.2):
    - SQLite.swift/standard (= 0.12.2)
  - SQLite.swift/standard (0.12.2)
  - SwiftLint (0.41.0)

DEPENDENCIES:
  - Apollo (~> 0.30.0)
  - Apollo/SQLite
  - RxCocoa (~> 5.1.1)
  - RxSwift (~> 5.1.1)
  - RxTest (~> 5.1.1)
  - SwiftLint

SPEC REPOS:
  trunk:
    - Apollo
    - RxCocoa
    - RxRelay
    - RxSwift
    - RxTest
    - SQLite.swift
    - SwiftLint

SPEC CHECKSUMS:
  Apollo: c10bf1a4c7db5237be1056ace16347cd1cdcb863
  RxCocoa: 32065309a38d29b5b0db858819b5bf9ef038b601
  RxRelay: d77f7d771495f43c556cbc43eebd1bb54d01e8e9
  RxSwift: 81470a2074fa8780320ea5fe4102807cb7118178
  RxTest: 711632d5644dffbeb62c936a521b5b008a1e1faa
  SQLite.swift: d2b4642190917051ce6bd1d49aab565fe794eea3
  SwiftLint: c585ebd615d9520d7fbdbe151f527977b0534f1e

PODFILE CHECKSUM: a82038ec73b98a7c40dedf211bf274825459ab46

COCOAPODS: 1.8.4
